<?xml version="1.0" encoding="utf-8"?>
<Project ToolsVersion="4.0" xmlns="http://schemas.microsoft.com/developer/msbuild/2003">
  <ItemGroup>
    <Filter Include="Source Files">
      <UniqueIdentifier>{4FC737F1-C7A5-4376-A066-2A32D752A2FF}</UniqueIdentifier>
      <Extensions>cpp;c;cc;cxx;c++;cppm;ixx;def;odl;idl;hpj;bat;asm;asmx</Extensions>
    </Filter>
    <Filter Include="Header Files">
      <UniqueIdentifier>{93995380-89BD-4b04-88EB-625FBE52EBFB}</UniqueIdentifier>
      <Extensions>h;hh;hpp;hxx;h++;hm;inl;inc;ipp;xsd</Extensions>
    </Filter>
    <Filter Include="Resource Files">
      <UniqueIdentifier>{67DA6AB6-F800-4c08-8B7A-83BB121AAD01}</UniqueIdentifier>
      <Extensions>rc;ico;cur;bmp;dlg;rc2;rct;bin;rgs;gif;jpg;jpeg;jpe;resx;tiff;tif;png;wav;mfcribbon-ms</Extensions>
    </Filter>
  </ItemGroup>
  <ItemGroup>
    <ClCompile Include="src\application.cc">
      <Filter>Source Files</Filter>
    </ClCompile>
    <ClCompile Include="src\main.cc">
      <Filter>Source Files</Filter>
    </ClCompile>
    <ClCompile Include="src\window\render_state.cc">
      <Filter>Source Files</Filter>
    </ClCompile>
    <ClCompile Include="src\d3d11\bloom_border_renderer.cc">
      <Filter>Source Files</Filter>
    </ClCompile>
    <ClCompile Include="src\d3d11\render_target.cc">
      <Filter>Source Files</Filter>
    </ClCompile>
    <ClCompile Include="src\d3d11\shader.cc">
      <Filter>Source Files</Filter>
    </ClCompile>
    <ClCompile Include="src\d3d11\highlight_renderer.cc">
      <Filter>Source Files</Filter>
    </ClCompile>
    <ClCompile Include="src\d3d11\sdf.cc">
      <Filter>Source Files</Filter>
    </ClCompile>
    <ClCompile Include="src\d3d11\sampler_manager.cpp">
      <Filter>Source Files</Filter>
    </ClCompile>
    <ClCompile Include="src\d3d11\blender_manager.cc">
      <Filter>Source Files</Filter>
    </ClCompile>
    <ClCompile Include="src\d3d11\texture.cc">
      <Filter>Source Files</Filter>
    </ClCompile>
    <ClCompile Include="src\d3d11\quad.cc">
      <Filter>Source Files</Filter>
    </ClCompile>
    <ClCompile Include="src\window\overlay_window.cc">
      <Filter>Source Files</Filter>
    </ClCompile>
  </ItemGroup>
  <ItemGroup>
    <ClInclude Include="src\application.h">
      <Filter>Header Files</Filter>
    </ClInclude>
    <ClInclude Include="src\window\render_state.h">
      <Filter>Header Files</Filter>
    </ClInclude>
    <ClInclude Include="src\window\window.h">
      <Filter>Header Files</Filter>
    </ClInclude>
    <ClInclude Include="src\d3d11\bloom_border_renderer.h">
      <Filter>Header Files</Filter>
    </ClInclude>
    <ClInclude Include="src\d3d11\constant_buffer.h">
      <Filter>Header Files</Filter>
    </ClInclude>
    <ClInclude Include="src\d3d11\draw_command.h">
      <Filter>Header Files</Filter>
    </ClInclude>
    <ClInclude Include="src\d3d11\render_target.h">
      <Filter>Header Files</Filter>
    </ClInclude>
    <ClInclude Include="src\d3d11\renderer.h">
      <Filter>Header Files</Filter>
    </ClInclude>
    <ClInclude Include="src\d3d11\shader.h">
      <Filter>Header Files</Filter>
    </ClInclude>
    <ClInclude Include="src\mathematics\lingal.h">
      <Filter>Header Files</Filter>
    </ClInclude>
    <ClInclude Include="src\system\threading.h">
      <Filter>Header Files</Filter>
    </ClInclude>
    <ClInclude Include="src\d3d11\drawable_object.h">
      <Filter>Header Files</Filter>
    </ClInclude>
    <ClInclude Include="src\d3d11\sdf.h">
      <Filter>Header Files</Filter>
    </ClInclude>
    <ClInclude Include="src\d3d11\highlight_renderer.h">
      <Filter>Header Files</Filter>
    </ClInclude>
    <ClInclude Include="src\common\core.h">
      <Filter>Header Files</Filter>
    </ClInclude>
    <ClInclude Include="src\d3d11\quad.h">
      <Filter>Header Files</Filter>
    </ClInclude>
    <ClInclude Include="src\d3d11\sampler_manager.h">
      <Filter>Header Files</Filter>
    </ClInclude>
    <ClInclude Include="src\visual\Camera.h">
      <Filter>Header Files</Filter>
    </ClInclude>
    <ClInclude Include="src\d3d11\blender_manager.h">
      <Filter>Header Files</Filter>
    </ClInclude>
    <ClInclude Include="src\mathematics\Transform.h">
      <Filter>Header Files</Filter>
    </ClInclude>
    <ClInclude Include="src\d3d11\texture.h">
      <Filter>Header Files</Filter>
    </ClInclude>
    <ClInclude Include="src\window\overlay_window.h">
      <Filter>Header Files</Filter>
    </ClInclude>
  </ItemGroup>
  <ItemGroup>
    <None Include=".editorconfig" />
  </ItemGroup>
</Project>